// !$*UTF8*$!
{
	archiveVersion = 1;
	classes = {
	};
	objectVersion = 56;
	objects = {

/* Begin PBXBuildFile section */
		810C33382C3BAA080020266A /* TagListViewController.swift in Sources */ = {isa = PBXBuildFile; fileRef = 810C33372C3BAA080020266A /* TagListViewController.swift */; };
		810C333C2C3BACF90020266A /* TagTableCell.swift in Sources */ = {isa = PBXBuildFile; fileRef = 810C333B2C3BACF90020266A /* TagTableCell.swift */; };
		8189BD4E2C36B73300B9419C /* Repository.swift in Sources */ = {isa = PBXBuildFile; fileRef = 8189BD4D2C36B73300B9419C /* Repository.swift */; };
		8189BD512C36B83C00B9419C /* Extension+Date.swift in Sources */ = {isa = PBXBuildFile; fileRef = 8189BD502C36B83C00B9419C /* Extension+Date.swift */; };
		8189BD532C36BACB00B9419C /* TagsModel.swift in Sources */ = {isa = PBXBuildFile; fileRef = 8189BD522C36BACB00B9419C /* TagsModel.swift */; };
		8189BD562C36BF9500B9419C /* Output.swift in Sources */ = {isa = PBXBuildFile; fileRef = 8189BD552C36BF9500B9419C /* Output.swift */; };
		8189BD5B2C36E16B00B9419C /* CollectionItemInput.swift in Sources */ = {isa = PBXBuildFile; fileRef = 8189BD5A2C36E16B00B9419C /* CollectionItemInput.swift */; };
		8189BD5D2C377CA600B9419C /* TasksListModel.swift in Sources */ = {isa = PBXBuildFile; fileRef = 8189BD5C2C377CA600B9419C /* TasksListModel.swift */; };
		8189BD5F2C37829000B9419C /* FlagCell.swift in Sources */ = {isa = PBXBuildFile; fileRef = 8189BD5E2C37829000B9419C /* FlagCell.swift */; };
		81CF204D2C33E508005A9014 /* AppDelegate.swift in Sources */ = {isa = PBXBuildFile; fileRef = 81CF204C2C33E508005A9014 /* AppDelegate.swift */; };
		81CF204F2C33E508005A9014 /* SceneDelegate.swift in Sources */ = {isa = PBXBuildFile; fileRef = 81CF204E2C33E508005A9014 /* SceneDelegate.swift */; };
		81CF20512C33E508005A9014 /* MainViewController.swift in Sources */ = {isa = PBXBuildFile; fileRef = 81CF20502C33E508005A9014 /* MainViewController.swift */; };
		81CF20562C33E509005A9014 /* Assets.xcassets in Resources */ = {isa = PBXBuildFile; fileRef = 81CF20552C33E509005A9014 /* Assets.xcassets */; };
		81CF20592C33E509005A9014 /* Base in Resources */ = {isa = PBXBuildFile; fileRef = 81CF20582C33E509005A9014 /* Base */; };
		81CF20622C33E556005A9014 /* RealmSwift in Frameworks */ = {isa = PBXBuildFile; productRef = 81CF20612C33E556005A9014 /* RealmSwift */; };
		81CF20652C33E562005A9014 /* Toast in Frameworks */ = {isa = PBXBuildFile; productRef = 81CF20642C33E562005A9014 /* Toast */; };
		81CF20682C33E56E005A9014 /* SnapKit in Frameworks */ = {isa = PBXBuildFile; productRef = 81CF20672C33E56E005A9014 /* SnapKit */; };
		81CF206D2C33E5EF005A9014 /* TasksModel.swift in Sources */ = {isa = PBXBuildFile; fileRef = 81CF206C2C33E5EF005A9014 /* TasksModel.swift */; };
		81CF20712C33E634005A9014 /* BaseViewController.swift in Sources */ = {isa = PBXBuildFile; fileRef = 81CF20702C33E634005A9014 /* BaseViewController.swift */; };
		81CF20732C33E8BD005A9014 /* BaseView.swift in Sources */ = {isa = PBXBuildFile; fileRef = 81CF20722C33E8BD005A9014 /* BaseView.swift */; };
		81CF20752C33EA7F005A9014 /* MainView.swift in Sources */ = {isa = PBXBuildFile; fileRef = 81CF20742C33EA7F005A9014 /* MainView.swift */; };
		81CF207A2C33EBEC005A9014 /* Extenstion+UIButtons.swift in Sources */ = {isa = PBXBuildFile; fileRef = 81CF20792C33EBEC005A9014 /* Extenstion+UIButtons.swift */; };
		81CF207C2C33F091005A9014 /* AddTaskViewController.swift in Sources */ = {isa = PBXBuildFile; fileRef = 81CF207B2C33F091005A9014 /* AddTaskViewController.swift */; };
		81CF207E2C33FF39005A9014 /* AddTaskView.swift in Sources */ = {isa = PBXBuildFile; fileRef = 81CF207D2C33FF39005A9014 /* AddTaskView.swift */; };
		81CF20812C3413EA005A9014 /* Header.swift in Sources */ = {isa = PBXBuildFile; fileRef = 81CF20802C3413EA005A9014 /* Header.swift */; };
		81CF20832C341676005A9014 /* Field.swift in Sources */ = {isa = PBXBuildFile; fileRef = 81CF20822C341676005A9014 /* Field.swift */; };
		81CF20862C3416C6005A9014 /* Divider.swift in Sources */ = {isa = PBXBuildFile; fileRef = 81CF20852C3416C6005A9014 /* Divider.swift */; };
		81CF20882C342A29005A9014 /* TaskListViewController.swift in Sources */ = {isa = PBXBuildFile; fileRef = 81CF20872C342A29005A9014 /* TaskListViewController.swift */; };
		81CF208D2C342A8B005A9014 /* TaskListView.swift in Sources */ = {isa = PBXBuildFile; fileRef = 81CF208C2C342A8B005A9014 /* TaskListView.swift */; };
		81CF208F2C342AB3005A9014 /* LargeTitle.swift in Sources */ = {isa = PBXBuildFile; fileRef = 81CF208E2C342AB3005A9014 /* LargeTitle.swift */; };
		81CF20912C342D2D005A9014 /* TaskCell.swift in Sources */ = {isa = PBXBuildFile; fileRef = 81CF20902C342D2D005A9014 /* TaskCell.swift */; };
		81CF20932C34C96F005A9014 /* TaskCollectionItem.swift in Sources */ = {isa = PBXBuildFile; fileRef = 81CF20922C34C96F005A9014 /* TaskCollectionItem.swift */; };
		81CF209A2C3510B8005A9014 /* DetailsButton.swift in Sources */ = {isa = PBXBuildFile; fileRef = 81CF20992C3510B8005A9014 /* DetailsButton.swift */; };
		81CF209C2C3514BF005A9014 /* TaskDetailViewController.swift in Sources */ = {isa = PBXBuildFile; fileRef = 81CF209B2C3514BF005A9014 /* TaskDetailViewController.swift */; };
		81CF209F2C351A7F005A9014 /* TaskDetailView.swift in Sources */ = {isa = PBXBuildFile; fileRef = 81CF209E2C351A7F005A9014 /* TaskDetailView.swift */; };
		81CF20A12C351BB0005A9014 /* DuedateCell.swift in Sources */ = {isa = PBXBuildFile; fileRef = 81CF20A02C351BB0005A9014 /* DuedateCell.swift */; };
		81CF20A32C35385D005A9014 /* BaseDetailCell.swift in Sources */ = {isa = PBXBuildFile; fileRef = 81CF20A22C35385D005A9014 /* BaseDetailCell.swift */; };
		81CF20A52C3539B8005A9014 /* PriorityCell.swift in Sources */ = {isa = PBXBuildFile; fileRef = 81CF20A42C3539B8005A9014 /* PriorityCell.swift */; };
		81CF20A72C353EE0005A9014 /* TagCell.swift in Sources */ = {isa = PBXBuildFile; fileRef = 81CF20A62C353EE0005A9014 /* TagCell.swift */; };
/* End PBXBuildFile section */

/* Begin PBXFileReference section */
		810C33372C3BAA080020266A /* TagListViewController.swift */ = {isa = PBXFileReference; lastKnownFileType = sourcecode.swift; path = TagListViewController.swift; sourceTree = "<group>"; };
		810C333B2C3BACF90020266A /* TagTableCell.swift */ = {isa = PBXFileReference; lastKnownFileType = sourcecode.swift; path = TagTableCell.swift; sourceTree = "<group>"; };
		8189BD4D2C36B73300B9419C /* Repository.swift */ = {isa = PBXFileReference; lastKnownFileType = sourcecode.swift; path = Repository.swift; sourceTree = "<group>"; };
		8189BD502C36B83C00B9419C /* Extension+Date.swift */ = {isa = PBXFileReference; lastKnownFileType = sourcecode.swift; path = "Extension+Date.swift"; sourceTree = "<group>"; };
		8189BD522C36BACB00B9419C /* TagsModel.swift */ = {isa = PBXFileReference; lastKnownFileType = sourcecode.swift; path = TagsModel.swift; sourceTree = "<group>"; };
		8189BD552C36BF9500B9419C /* Output.swift */ = {isa = PBXFileReference; lastKnownFileType = sourcecode.swift; path = Output.swift; sourceTree = "<group>"; };
		8189BD5A2C36E16B00B9419C /* CollectionItemInput.swift */ = {isa = PBXFileReference; lastKnownFileType = sourcecode.swift; path = CollectionItemInput.swift; sourceTree = "<group>"; };
		8189BD5C2C377CA600B9419C /* TasksListModel.swift */ = {isa = PBXFileReference; lastKnownFileType = sourcecode.swift; path = TasksListModel.swift; sourceTree = "<group>"; };
		8189BD5E2C37829000B9419C /* FlagCell.swift */ = {isa = PBXFileReference; lastKnownFileType = sourcecode.swift; path = FlagCell.swift; sourceTree = "<group>"; };
		81CF20492C33E508005A9014 /* ReminderApp.app */ = {isa = PBXFileReference; explicitFileType = wrapper.application; includeInIndex = 0; path = ReminderApp.app; sourceTree = BUILT_PRODUCTS_DIR; };
		81CF204C2C33E508005A9014 /* AppDelegate.swift */ = {isa = PBXFileReference; lastKnownFileType = sourcecode.swift; path = AppDelegate.swift; sourceTree = "<group>"; };
		81CF204E2C33E508005A9014 /* SceneDelegate.swift */ = {isa = PBXFileReference; lastKnownFileType = sourcecode.swift; path = SceneDelegate.swift; sourceTree = "<group>"; };
		81CF20502C33E508005A9014 /* MainViewController.swift */ = {isa = PBXFileReference; lastKnownFileType = sourcecode.swift; path = MainViewController.swift; sourceTree = "<group>"; };
		81CF20552C33E509005A9014 /* Assets.xcassets */ = {isa = PBXFileReference; lastKnownFileType = folder.assetcatalog; path = Assets.xcassets; sourceTree = "<group>"; };
		81CF20582C33E509005A9014 /* Base */ = {isa = PBXFileReference; lastKnownFileType = file.storyboard; name = Base; path = Base.lproj/LaunchScreen.storyboard; sourceTree = "<group>"; };
		81CF205A2C33E509005A9014 /* Info.plist */ = {isa = PBXFileReference; lastKnownFileType = text.plist.xml; path = Info.plist; sourceTree = "<group>"; };
		81CF206C2C33E5EF005A9014 /* TasksModel.swift */ = {isa = PBXFileReference; lastKnownFileType = sourcecode.swift; path = TasksModel.swift; sourceTree = "<group>"; };
		81CF20702C33E634005A9014 /* BaseViewController.swift */ = {isa = PBXFileReference; lastKnownFileType = sourcecode.swift; path = BaseViewController.swift; sourceTree = "<group>"; };
		81CF20722C33E8BD005A9014 /* BaseView.swift */ = {isa = PBXFileReference; lastKnownFileType = sourcecode.swift; path = BaseView.swift; sourceTree = "<group>"; };
		81CF20742C33EA7F005A9014 /* MainView.swift */ = {isa = PBXFileReference; lastKnownFileType = sourcecode.swift; path = MainView.swift; sourceTree = "<group>"; };
		81CF20792C33EBEC005A9014 /* Extenstion+UIButtons.swift */ = {isa = PBXFileReference; lastKnownFileType = sourcecode.swift; path = "Extenstion+UIButtons.swift"; sourceTree = "<group>"; };
		81CF207B2C33F091005A9014 /* AddTaskViewController.swift */ = {isa = PBXFileReference; lastKnownFileType = sourcecode.swift; path = AddTaskViewController.swift; sourceTree = "<group>"; };
		81CF207D2C33FF39005A9014 /* AddTaskView.swift */ = {isa = PBXFileReference; lastKnownFileType = sourcecode.swift; path = AddTaskView.swift; sourceTree = "<group>"; };
		81CF20802C3413EA005A9014 /* Header.swift */ = {isa = PBXFileReference; lastKnownFileType = sourcecode.swift; path = Header.swift; sourceTree = "<group>"; };
		81CF20822C341676005A9014 /* Field.swift */ = {isa = PBXFileReference; lastKnownFileType = sourcecode.swift; path = Field.swift; sourceTree = "<group>"; };
		81CF20852C3416C6005A9014 /* Divider.swift */ = {isa = PBXFileReference; lastKnownFileType = sourcecode.swift; path = Divider.swift; sourceTree = "<group>"; };
		81CF20872C342A29005A9014 /* TaskListViewController.swift */ = {isa = PBXFileReference; lastKnownFileType = sourcecode.swift; path = TaskListViewController.swift; sourceTree = "<group>"; };
		81CF208C2C342A8B005A9014 /* TaskListView.swift */ = {isa = PBXFileReference; lastKnownFileType = sourcecode.swift; path = TaskListView.swift; sourceTree = "<group>"; };
		81CF208E2C342AB3005A9014 /* LargeTitle.swift */ = {isa = PBXFileReference; lastKnownFileType = sourcecode.swift; path = LargeTitle.swift; sourceTree = "<group>"; };
		81CF20902C342D2D005A9014 /* TaskCell.swift */ = {isa = PBXFileReference; lastKnownFileType = sourcecode.swift; path = TaskCell.swift; sourceTree = "<group>"; };
		81CF20922C34C96F005A9014 /* TaskCollectionItem.swift */ = {isa = PBXFileReference; lastKnownFileType = sourcecode.swift; path = TaskCollectionItem.swift; sourceTree = "<group>"; };
		81CF20992C3510B8005A9014 /* DetailsButton.swift */ = {isa = PBXFileReference; lastKnownFileType = sourcecode.swift; path = DetailsButton.swift; sourceTree = "<group>"; };
		81CF209B2C3514BF005A9014 /* TaskDetailViewController.swift */ = {isa = PBXFileReference; lastKnownFileType = sourcecode.swift; path = TaskDetailViewController.swift; sourceTree = "<group>"; };
		81CF209E2C351A7F005A9014 /* TaskDetailView.swift */ = {isa = PBXFileReference; lastKnownFileType = sourcecode.swift; path = TaskDetailView.swift; sourceTree = "<group>"; };
		81CF20A02C351BB0005A9014 /* DuedateCell.swift */ = {isa = PBXFileReference; lastKnownFileType = sourcecode.swift; path = DuedateCell.swift; sourceTree = "<group>"; };
		81CF20A22C35385D005A9014 /* BaseDetailCell.swift */ = {isa = PBXFileReference; lastKnownFileType = sourcecode.swift; path = BaseDetailCell.swift; sourceTree = "<group>"; };
		81CF20A42C3539B8005A9014 /* PriorityCell.swift */ = {isa = PBXFileReference; lastKnownFileType = sourcecode.swift; path = PriorityCell.swift; sourceTree = "<group>"; };
		81CF20A62C353EE0005A9014 /* TagCell.swift */ = {isa = PBXFileReference; lastKnownFileType = sourcecode.swift; path = TagCell.swift; sourceTree = "<group>"; };
/* End PBXFileReference section */

/* Begin PBXFrameworksBuildPhase section */
		81CF20462C33E508005A9014 /* Frameworks */ = {
			isa = PBXFrameworksBuildPhase;
			buildActionMask = 2147483647;
			files = (
				81CF20682C33E56E005A9014 /* SnapKit in Frameworks */,
				81CF20652C33E562005A9014 /* Toast in Frameworks */,
				81CF20622C33E556005A9014 /* RealmSwift in Frameworks */,
			);
			runOnlyForDeploymentPostprocessing = 0;
		};
/* End PBXFrameworksBuildPhase section */

/* Begin PBXGroup section */
		8189BD4F2C36B83500B9419C /* Service */ = {
			isa = PBXGroup;
			children = (
				8189BD502C36B83C00B9419C /* Extension+Date.swift */,
			);
			path = Service;
			sourceTree = "<group>";
		};
		8189BD592C36E14900B9419C /* DTO */ = {
			isa = PBXGroup;
			children = (
				8189BD552C36BF9500B9419C /* Output.swift */,
				8189BD5A2C36E16B00B9419C /* CollectionItemInput.swift */,
			);
			path = DTO;
			sourceTree = "<group>";
		};
		81CF20402C33E508005A9014 = {
			isa = PBXGroup;
			children = (
				81CF204B2C33E508005A9014 /* ReminderApp */,
				81CF204A2C33E508005A9014 /* Products */,
			);
			sourceTree = "<group>";
		};
		81CF204A2C33E508005A9014 /* Products */ = {
			isa = PBXGroup;
			children = (
				81CF20492C33E508005A9014 /* ReminderApp.app */,
			);
			name = Products;
			sourceTree = "<group>";
		};
		81CF204B2C33E508005A9014 /* ReminderApp */ = {
			isa = PBXGroup;
			children = (
				8189BD592C36E14900B9419C /* DTO */,
				8189BD4F2C36B83500B9419C /* Service */,
				81CF206A2C33E5D8005A9014 /* Model */,
				81CF20692C33E5AD005A9014 /* View */,
				81CF206B2C33E5DD005A9014 /* Controller */,
				81CF204C2C33E508005A9014 /* AppDelegate.swift */,
				81CF204E2C33E508005A9014 /* SceneDelegate.swift */,
				81CF20552C33E509005A9014 /* Assets.xcassets */,
				81CF20572C33E509005A9014 /* LaunchScreen.storyboard */,
				81CF205A2C33E509005A9014 /* Info.plist */,
			);
			path = ReminderApp;
			sourceTree = "<group>";
		};
		81CF20692C33E5AD005A9014 /* View */ = {
			isa = PBXGroup;
			children = (
				81CF20842C3416BF005A9014 /* Common */,
				81CF208A2C342A59005A9014 /* Base */,
				81CF20892C342A4E005A9014 /* Main */,
				81CF207F2C3413D9005A9014 /* AddTask */,
				81CF209D2C351A6B005A9014 /* TaskDetail */,
				81CF208B2C342A66005A9014 /* TaskList */,
			);
			path = View;
			sourceTree = "<group>";
		};
		81CF206A2C33E5D8005A9014 /* Model */ = {
			isa = PBXGroup;
			children = (
				81CF206C2C33E5EF005A9014 /* TasksModel.swift */,
				8189BD522C36BACB00B9419C /* TagsModel.swift */,
				8189BD4D2C36B73300B9419C /* Repository.swift */,
				8189BD5C2C377CA600B9419C /* TasksListModel.swift */,
			);
			path = Model;
			sourceTree = "<group>";
		};
		81CF206B2C33E5DD005A9014 /* Controller */ = {
			isa = PBXGroup;
			children = (
				81CF20702C33E634005A9014 /* BaseViewController.swift */,
				81CF20502C33E508005A9014 /* MainViewController.swift */,
				81CF207B2C33F091005A9014 /* AddTaskViewController.swift */,
				81CF209B2C3514BF005A9014 /* TaskDetailViewController.swift */,
				81CF20872C342A29005A9014 /* TaskListViewController.swift */,
				810C33372C3BAA080020266A /* TagListViewController.swift */,
			);
			path = Controller;
			sourceTree = "<group>";
		};
		81CF207F2C3413D9005A9014 /* AddTask */ = {
			isa = PBXGroup;
			children = (
				81CF207D2C33FF39005A9014 /* AddTaskView.swift */,
				81CF20802C3413EA005A9014 /* Header.swift */,
				81CF20822C341676005A9014 /* Field.swift */,
			);
			path = AddTask;
			sourceTree = "<group>";
		};
		81CF20842C3416BF005A9014 /* Common */ = {
			isa = PBXGroup;
			children = (
				81CF20852C3416C6005A9014 /* Divider.swift */,
				81CF208E2C342AB3005A9014 /* LargeTitle.swift */,
				81CF20992C3510B8005A9014 /* DetailsButton.swift */,
			);
			path = Common;
			sourceTree = "<group>";
		};
		81CF20892C342A4E005A9014 /* Main */ = {
			isa = PBXGroup;
			children = (
				81CF20742C33EA7F005A9014 /* MainView.swift */,
				81CF20922C34C96F005A9014 /* TaskCollectionItem.swift */,
			);
			path = Main;
			sourceTree = "<group>";
		};
		81CF208A2C342A59005A9014 /* Base */ = {
			isa = PBXGroup;
			children = (
				81CF20792C33EBEC005A9014 /* Extenstion+UIButtons.swift */,
				81CF20722C33E8BD005A9014 /* BaseView.swift */,
				81CF20A22C35385D005A9014 /* BaseDetailCell.swift */,
			);
			path = Base;
			sourceTree = "<group>";
		};
		81CF208B2C342A66005A9014 /* TaskList */ = {
			isa = PBXGroup;
			children = (
				81CF208C2C342A8B005A9014 /* TaskListView.swift */,
				81CF20902C342D2D005A9014 /* TaskCell.swift */,
				810C333B2C3BACF90020266A /* TagTableCell.swift */,
			);
			path = TaskList;
			sourceTree = "<group>";
		};
		81CF209D2C351A6B005A9014 /* TaskDetail */ = {
			isa = PBXGroup;
			children = (
				81CF209E2C351A7F005A9014 /* TaskDetailView.swift */,
				81CF20A02C351BB0005A9014 /* DuedateCell.swift */,
				81CF20A42C3539B8005A9014 /* PriorityCell.swift */,
				81CF20A62C353EE0005A9014 /* TagCell.swift */,
				8189BD5E2C37829000B9419C /* FlagCell.swift */,
			);
			path = TaskDetail;
			sourceTree = "<group>";
		};
/* End PBXGroup section */

/* Begin PBXNativeTarget section */
		81CF20482C33E508005A9014 /* ReminderApp */ = {
			isa = PBXNativeTarget;
			buildConfigurationList = 81CF205D2C33E509005A9014 /* Build configuration list for PBXNativeTarget "ReminderApp" */;
			buildPhases = (
				81CF20452C33E508005A9014 /* Sources */,
				81CF20462C33E508005A9014 /* Frameworks */,
				81CF20472C33E508005A9014 /* Resources */,
			);
			buildRules = (
			);
			dependencies = (
			);
			name = ReminderApp;
			packageProductDependencies = (
				81CF20612C33E556005A9014 /* RealmSwift */,
				81CF20642C33E562005A9014 /* Toast */,
				81CF20672C33E56E005A9014 /* SnapKit */,
			);
			productName = ReminderApp;
			productReference = 81CF20492C33E508005A9014 /* ReminderApp.app */;
			productType = "com.apple.product-type.application";
		};
/* End PBXNativeTarget section */

/* Begin PBXProject section */
		81CF20412C33E508005A9014 /* Project object */ = {
			isa = PBXProject;
			attributes = {
				BuildIndependentTargetsInParallel = 1;
				LastSwiftUpdateCheck = 1530;
				LastUpgradeCheck = 1530;
				TargetAttributes = {
					81CF20482C33E508005A9014 = {
						CreatedOnToolsVersion = 15.3;
					};
				};
			};
			buildConfigurationList = 81CF20442C33E508005A9014 /* Build configuration list for PBXProject "ReminderApp" */;
			compatibilityVersion = "Xcode 14.0";
			developmentRegion = en;
			hasScannedForEncodings = 0;
			knownRegions = (
				en,
				Base,
			);
			mainGroup = 81CF20402C33E508005A9014;
			packageReferences = (
				81CF20602C33E556005A9014 /* XCRemoteSwiftPackageReference "realm-swift" */,
				81CF20632C33E562005A9014 /* XCRemoteSwiftPackageReference "Toast-Swift" */,
				81CF20662C33E56E005A9014 /* XCRemoteSwiftPackageReference "SnapKit" */,
			);
			productRefGroup = 81CF204A2C33E508005A9014 /* Products */;
			projectDirPath = "";
			projectRoot = "";
			targets = (
				81CF20482C33E508005A9014 /* ReminderApp */,
			);
		};
/* End PBXProject section */

/* Begin PBXResourcesBuildPhase section */
		81CF20472C33E508005A9014 /* Resources */ = {
			isa = PBXResourcesBuildPhase;
			buildActionMask = 2147483647;
			files = (
				81CF20562C33E509005A9014 /* Assets.xcassets in Resources */,
				81CF20592C33E509005A9014 /* Base in Resources */,
			);
			runOnlyForDeploymentPostprocessing = 0;
		};
/* End PBXResourcesBuildPhase section */

/* Begin PBXSourcesBuildPhase section */
		81CF20452C33E508005A9014 /* Sources */ = {
			isa = PBXSourcesBuildPhase;
			buildActionMask = 2147483647;
			files = (
				81CF209C2C3514BF005A9014 /* TaskDetailViewController.swift in Sources */,
				81CF209A2C3510B8005A9014 /* DetailsButton.swift in Sources */,
				81CF20712C33E634005A9014 /* BaseViewController.swift in Sources */,
				8189BD5F2C37829000B9419C /* FlagCell.swift in Sources */,
				8189BD5B2C36E16B00B9419C /* CollectionItemInput.swift in Sources */,
				81CF20912C342D2D005A9014 /* TaskCell.swift in Sources */,
				810C33382C3BAA080020266A /* TagListViewController.swift in Sources */,
				81CF207E2C33FF39005A9014 /* AddTaskView.swift in Sources */,
				81CF208D2C342A8B005A9014 /* TaskListView.swift in Sources */,
				81CF20862C3416C6005A9014 /* Divider.swift in Sources */,
				81CF20832C341676005A9014 /* Field.swift in Sources */,
				81CF20A72C353EE0005A9014 /* TagCell.swift in Sources */,
				81CF20752C33EA7F005A9014 /* MainView.swift in Sources */,
				81CF20512C33E508005A9014 /* MainViewController.swift in Sources */,
				81CF20932C34C96F005A9014 /* TaskCollectionItem.swift in Sources */,
				81CF206D2C33E5EF005A9014 /* TasksModel.swift in Sources */,
				81CF208F2C342AB3005A9014 /* LargeTitle.swift in Sources */,
				81CF20A32C35385D005A9014 /* BaseDetailCell.swift in Sources */,
				81CF20882C342A29005A9014 /* TaskListViewController.swift in Sources */,
				81CF209F2C351A7F005A9014 /* TaskDetailView.swift in Sources */,
				81CF20812C3413EA005A9014 /* Header.swift in Sources */,
				81CF20732C33E8BD005A9014 /* BaseView.swift in Sources */,
				8189BD512C36B83C00B9419C /* Extension+Date.swift in Sources */,
				8189BD562C36BF9500B9419C /* Output.swift in Sources */,
				81CF207A2C33EBEC005A9014 /* Extenstion+UIButtons.swift in Sources */,
				81CF204D2C33E508005A9014 /* AppDelegate.swift in Sources */,
				81CF204F2C33E508005A9014 /* SceneDelegate.swift in Sources */,
				81CF20A52C3539B8005A9014 /* PriorityCell.swift in Sources */,
				810C333C2C3BACF90020266A /* TagTableCell.swift in Sources */,
				8189BD532C36BACB00B9419C /* TagsModel.swift in Sources */,
				81CF20A12C351BB0005A9014 /* DuedateCell.swift in Sources */,
				81CF207C2C33F091005A9014 /* AddTaskViewController.swift in Sources */,
				8189BD5D2C377CA600B9419C /* TasksListModel.swift in Sources */,
				8189BD4E2C36B73300B9419C /* Repository.swift in Sources */,
			);
			runOnlyForDeploymentPostprocessing = 0;
		};
/* End PBXSourcesBuildPhase section */

/* Begin PBXVariantGroup section */
		81CF20572C33E509005A9014 /* LaunchScreen.storyboard */ = {
			isa = PBXVariantGroup;
			children = (
				81CF20582C33E509005A9014 /* Base */,
			);
			name = LaunchScreen.storyboard;
			sourceTree = "<group>";
		};
/* End PBXVariantGroup section */

/* Begin XCBuildConfiguration section */
		81CF205B2C33E509005A9014 /* Debug */ = {
			isa = XCBuildConfiguration;
			buildSettings = {
				ALWAYS_SEARCH_USER_PATHS = NO;
				ASSETCATALOG_COMPILER_GENERATE_SWIFT_ASSET_SYMBOL_EXTENSIONS = YES;
				CLANG_ANALYZER_NONNULL = YES;
				CLANG_ANALYZER_NUMBER_OBJECT_CONVERSION = YES_AGGRESSIVE;
				CLANG_CXX_LANGUAGE_STANDARD = "gnu++20";
				CLANG_ENABLE_MODULES = YES;
				CLANG_ENABLE_OBJC_ARC = YES;
				CLANG_ENABLE_OBJC_WEAK = YES;
				CLANG_WARN_BLOCK_CAPTURE_AUTORELEASING = YES;
				CLANG_WARN_BOOL_CONVERSION = YES;
				CLANG_WARN_COMMA = YES;
				CLANG_WARN_CONSTANT_CONVERSION = YES;
				CLANG_WARN_DEPRECATED_OBJC_IMPLEMENTATIONS = YES;
				CLANG_WARN_DIRECT_OBJC_ISA_USAGE = YES_ERROR;
				CLANG_WARN_DOCUMENTATION_COMMENTS = YES;
				CLANG_WARN_EMPTY_BODY = YES;
				CLANG_WARN_ENUM_CONVERSION = YES;
				CLANG_WARN_INFINITE_RECURSION = YES;
				CLANG_WARN_INT_CONVERSION = YES;
				CLANG_WARN_NON_LITERAL_NULL_CONVERSION = YES;
				CLANG_WARN_OBJC_IMPLICIT_RETAIN_SELF = YES;
				CLANG_WARN_OBJC_LITERAL_CONVERSION = YES;
				CLANG_WARN_OBJC_ROOT_CLASS = YES_ERROR;
				CLANG_WARN_QUOTED_INCLUDE_IN_FRAMEWORK_HEADER = YES;
				CLANG_WARN_RANGE_LOOP_ANALYSIS = YES;
				CLANG_WARN_STRICT_PROTOTYPES = YES;
				CLANG_WARN_SUSPICIOUS_MOVE = YES;
				CLANG_WARN_UNGUARDED_AVAILABILITY = YES_AGGRESSIVE;
				CLANG_WARN_UNREACHABLE_CODE = YES;
				CLANG_WARN__DUPLICATE_METHOD_MATCH = YES;
				COPY_PHASE_STRIP = NO;
				DEBUG_INFORMATION_FORMAT = dwarf;
				ENABLE_STRICT_OBJC_MSGSEND = YES;
				ENABLE_TESTABILITY = YES;
				ENABLE_USER_SCRIPT_SANDBOXING = YES;
				GCC_C_LANGUAGE_STANDARD = gnu17;
				GCC_DYNAMIC_NO_PIC = NO;
				GCC_NO_COMMON_BLOCKS = YES;
				GCC_OPTIMIZATION_LEVEL = 0;
				GCC_PREPROCESSOR_DEFINITIONS = (
					"DEBUG=1",
					"$(inherited)",
				);
				GCC_WARN_64_TO_32_BIT_CONVERSION = YES;
				GCC_WARN_ABOUT_RETURN_TYPE = YES_ERROR;
				GCC_WARN_UNDECLARED_SELECTOR = YES;
				GCC_WARN_UNINITIALIZED_AUTOS = YES_AGGRESSIVE;
				GCC_WARN_UNUSED_FUNCTION = YES;
				GCC_WARN_UNUSED_VARIABLE = YES;
				IPHONEOS_DEPLOYMENT_TARGET = 16.0;
				LOCALIZATION_PREFERS_STRING_CATALOGS = YES;
				MTL_ENABLE_DEBUG_INFO = INCLUDE_SOURCE;
				MTL_FAST_MATH = YES;
				ONLY_ACTIVE_ARCH = YES;
				SDKROOT = iphoneos;
				SWIFT_ACTIVE_COMPILATION_CONDITIONS = "DEBUG $(inherited)";
				SWIFT_OPTIMIZATION_LEVEL = "-Onone";
			};
			name = Debug;
		};
		81CF205C2C33E509005A9014 /* Release */ = {
			isa = XCBuildConfiguration;
			buildSettings = {
				ALWAYS_SEARCH_USER_PATHS = NO;
				ASSETCATALOG_COMPILER_GENERATE_SWIFT_ASSET_SYMBOL_EXTENSIONS = YES;
				CLANG_ANALYZER_NONNULL = YES;
				CLANG_ANALYZER_NUMBER_OBJECT_CONVERSION = YES_AGGRESSIVE;
				CLANG_CXX_LANGUAGE_STANDARD = "gnu++20";
				CLANG_ENABLE_MODULES = YES;
				CLANG_ENABLE_OBJC_ARC = YES;
				CLANG_ENABLE_OBJC_WEAK = YES;
				CLANG_WARN_BLOCK_CAPTURE_AUTORELEASING = YES;
				CLANG_WARN_BOOL_CONVERSION = YES;
				CLANG_WARN_COMMA = YES;
				CLANG_WARN_CONSTANT_CONVERSION = YES;
				CLANG_WARN_DEPRECATED_OBJC_IMPLEMENTATIONS = YES;
				CLANG_WARN_DIRECT_OBJC_ISA_USAGE = YES_ERROR;
				CLANG_WARN_DOCUMENTATION_COMMENTS = YES;
				CLANG_WARN_EMPTY_BODY = YES;
				CLANG_WARN_ENUM_CONVERSION = YES;
				CLANG_WARN_INFINITE_RECURSION = YES;
				CLANG_WARN_INT_CONVERSION = YES;
				CLANG_WARN_NON_LITERAL_NULL_CONVERSION = YES;
				CLANG_WARN_OBJC_IMPLICIT_RETAIN_SELF = YES;
				CLANG_WARN_OBJC_LITERAL_CONVERSION = YES;
				CLANG_WARN_OBJC_ROOT_CLASS = YES_ERROR;
				CLANG_WARN_QUOTED_INCLUDE_IN_FRAMEWORK_HEADER = YES;
				CLANG_WARN_RANGE_LOOP_ANALYSIS = YES;
				CLANG_WARN_STRICT_PROTOTYPES = YES;
				CLANG_WARN_SUSPICIOUS_MOVE = YES;
				CLANG_WARN_UNGUARDED_AVAILABILITY = YES_AGGRESSIVE;
				CLANG_WARN_UNREACHABLE_CODE = YES;
				CLANG_WARN__DUPLICATE_METHOD_MATCH = YES;
				COPY_PHASE_STRIP = NO;
				DEBUG_INFORMATION_FORMAT = "dwarf-with-dsym";
				ENABLE_NS_ASSERTIONS = NO;
				ENABLE_STRICT_OBJC_MSGSEND = YES;
				ENABLE_USER_SCRIPT_SANDBOXING = YES;
				GCC_C_LANGUAGE_STANDARD = gnu17;
				GCC_NO_COMMON_BLOCKS = YES;
				GCC_WARN_64_TO_32_BIT_CONVERSION = YES;
				GCC_WARN_ABOUT_RETURN_TYPE = YES_ERROR;
				GCC_WARN_UNDECLARED_SELECTOR = YES;
				GCC_WARN_UNINITIALIZED_AUTOS = YES_AGGRESSIVE;
				GCC_WARN_UNUSED_FUNCTION = YES;
				GCC_WARN_UNUSED_VARIABLE = YES;
				IPHONEOS_DEPLOYMENT_TARGET = 16.0;
				LOCALIZATION_PREFERS_STRING_CATALOGS = YES;
				MTL_ENABLE_DEBUG_INFO = NO;
				MTL_FAST_MATH = YES;
				SDKROOT = iphoneos;
				SWIFT_COMPILATION_MODE = wholemodule;
				VALIDATE_PRODUCT = YES;
			};
			name = Release;
		};
		81CF205E2C33E509005A9014 /* Debug */ = {
			isa = XCBuildConfiguration;
			buildSettings = {
				ASSETCATALOG_COMPILER_APPICON_NAME = AppIcon;
				ASSETCATALOG_COMPILER_GLOBAL_ACCENT_COLOR_NAME = AccentColor;
				CODE_SIGN_STYLE = Automatic;
				CURRENT_PROJECT_VERSION = 1;
				DEVELOPMENT_TEAM = YM49LMS87D;
				GENERATE_INFOPLIST_FILE = YES;
				INFOPLIST_FILE = ReminderApp/Info.plist;
				INFOPLIST_KEY_UIApplicationSupportsIndirectInputEvents = YES;
				INFOPLIST_KEY_UILaunchStoryboardName = LaunchScreen;
				INFOPLIST_KEY_UISupportedInterfaceOrientations = UIInterfaceOrientationPortrait;
				INFOPLIST_KEY_UISupportedInterfaceOrientations_iPad = UIInterfaceOrientationPortrait;
				IPHONEOS_DEPLOYMENT_TARGET = 16.0;
				LD_RUNPATH_SEARCH_PATHS = (
					"$(inherited)",
					"@executable_path/Frameworks",
				);
				MARKETING_VERSION = 1.0;
				PRODUCT_BUNDLE_IDENTIFIER = com.hk.ReminderApp;
				PRODUCT_NAME = "$(TARGET_NAME)";
				SUPPORTED_PLATFORMS = "iphoneos iphonesimulator";
				SUPPORTS_MACCATALYST = NO;
				SUPPORTS_MAC_DESIGNED_FOR_IPHONE_IPAD = NO;
				SUPPORTS_XR_DESIGNED_FOR_IPHONE_IPAD = NO;
				SWIFT_EMIT_LOC_STRINGS = YES;
				SWIFT_VERSION = 5.0;
				TARGETED_DEVICE_FAMILY = 1;
			};
			name = Debug;
		};
		81CF205F2C33E509005A9014 /* Release */ = {
			isa = XCBuildConfiguration;
			buildSettings = {
				ASSETCATALOG_COMPILER_APPICON_NAME = AppIcon;
				ASSETCATALOG_COMPILER_GLOBAL_ACCENT_COLOR_NAME = AccentColor;
				CODE_SIGN_STYLE = Automatic;
				CURRENT_PROJECT_VERSION = 1;
				DEVELOPMENT_TEAM = YM49LMS87D;
				GENERATE_INFOPLIST_FILE = YES;
				INFOPLIST_FILE = ReminderApp/Info.plist;
				INFOPLIST_KEY_UIApplicationSupportsIndirectInputEvents = YES;
				INFOPLIST_KEY_UILaunchStoryboardName = LaunchScreen;
				INFOPLIST_KEY_UISupportedInterfaceOrientations = UIInterfaceOrientationPortrait;
				INFOPLIST_KEY_UISupportedInterfaceOrientations_iPad = UIInterfaceOrientationPortrait;
				IPHONEOS_DEPLOYMENT_TARGET = 16.0;
				LD_RUNPATH_SEARCH_PATHS = (
					"$(inherited)",
					"@executable_path/Frameworks",
				);
				MARKETING_VERSION = 1.0;
				PRODUCT_BUNDLE_IDENTIFIER = com.hk.ReminderApp;
				PRODUCT_NAME = "$(TARGET_NAME)";
				SUPPORTED_PLATFORMS = "iphoneos iphonesimulator";
				SUPPORTS_MACCATALYST = NO;
				SUPPORTS_MAC_DESIGNED_FOR_IPHONE_IPAD = NO;
				SUPPORTS_XR_DESIGNED_FOR_IPHONE_IPAD = NO;
				SWIFT_EMIT_LOC_STRINGS = YES;
				SWIFT_VERSION = 5.0;
				TARGETED_DEVICE_FAMILY = 1;
			};
			name = Release;
		};
/* End XCBuildConfiguration section */

/* Begin XCConfigurationList section */
		81CF20442C33E508005A9014 /* Build configuration list for PBXProject "ReminderApp" */ = {
			isa = XCConfigurationList;
			buildConfigurations = (
				81CF205B2C33E509005A9014 /* Debug */,
				81CF205C2C33E509005A9014 /* Release */,
			);
			defaultConfigurationIsVisible = 0;
			defaultConfigurationName = Release;
		};
		81CF205D2C33E509005A9014 /* Build configuration list for PBXNativeTarget "ReminderApp" */ = {
			isa = XCConfigurationList;
			buildConfigurations = (
				81CF205E2C33E509005A9014 /* Debug */,
				81CF205F2C33E509005A9014 /* Release */,
			);
			defaultConfigurationIsVisible = 0;
			defaultConfigurationName = Release;
		};
/* End XCConfigurationList section */

/* Begin XCRemoteSwiftPackageReference section */
		81CF20602C33E556005A9014 /* XCRemoteSwiftPackageReference "realm-swift" */ = {
			isa = XCRemoteSwiftPackageReference;
			repositoryURL = "https://github.com/realm/realm-swift.git";
			requirement = {
				kind = exactVersion;
				version = 10.52.1;
			};
		};
		81CF20632C33E562005A9014 /* XCRemoteSwiftPackageReference "Toast-Swift" */ = {
			isa = XCRemoteSwiftPackageReference;
			repositoryURL = "https://github.com/scalessec/Toast-Swift.git";
			requirement = {
				kind = upToNextMajorVersion;
				minimumVersion = 5.1.1;
			};
		};
		81CF20662C33E56E005A9014 /* XCRemoteSwiftPackageReference "SnapKit" */ = {
			isa = XCRemoteSwiftPackageReference;
			repositoryURL = "https://github.com/SnapKit/SnapKit.git";
			requirement = {
				kind = upToNextMajorVersion;
				minimumVersion = 5.7.1;
			};
		};
/* End XCRemoteSwiftPackageReference section */

/* Begin XCSwiftPackageProductDependency section */
		81CF20612C33E556005A9014 /* RealmSwift */ = {
			isa = XCSwiftPackageProductDependency;
			package = 81CF20602C33E556005A9014 /* XCRemoteSwiftPackageReference "realm-swift" */;
			productName = RealmSwift;
		};
		81CF20642C33E562005A9014 /* Toast */ = {
			isa = XCSwiftPackageProductDependency;
			package = 81CF20632C33E562005A9014 /* XCRemoteSwiftPackageReference "Toast-Swift" */;
			productName = Toast;
		};
		81CF20672C33E56E005A9014 /* SnapKit */ = {
			isa = XCSwiftPackageProductDependency;
			package = 81CF20662C33E56E005A9014 /* XCRemoteSwiftPackageReference "SnapKit" */;
			productName = SnapKit;
		};
/* End XCSwiftPackageProductDependency section */
	};
	rootObject = 81CF20412C33E508005A9014 /* Project object */;
}
